
Microsoft Visual Studio Solution File, Format Version 12.00
# Visual Studio Version 16
VisualStudioVersion = 16.0.29424.173
MinimumVisualStudioVersion = 10.0.40219.1
Project("{9A19103F-16F7-4668-BE54-9A1E7A4F7556}") = "Wix3xDemoConsole", "Wix3xDemoConsole\Wix3xDemoConsole.csproj", "{29493667-29E8-4CC9-980E-AECB837AD0A8}"
EndProject
Project("{9A19103F-16F7-4668-BE54-9A1E7A4F7556}") = "Wix3xDemoWPF", "Wix3xDemoWPF\Wix3xDemoWPF.csproj", "{7FA0B7EE-74FC-4421-B915-CEEFE73BCBF5}"
EndProject
Project("{9A19103F-16F7-4668-BE54-9A1E7A4F7556}") = "Wix3xDemoLib", "Wix3xDemoLib\Wix3xDemoLib.csproj", "{0F6CD19F-F894-4734-AEFD-D282EE0B0FCA}"
EndProject
Project("{930C7802-8A8C-48F9-8165-68863BCCD9DD}") = "Wix3xDemoInstaller", "Wix3xDemoInstaller\Wix3xDemoInstaller.wixproj", "{9DC427A2-5E4F-46A3-84A2-E84AA4266A68}"
EndProject
Global
	GlobalSection(SolutionConfigurationPlatforms) = preSolution
		Debug|x64 = Debug|x64
		Release|x64 = Release|x64
	EndGlobalSection
	GlobalSection(ProjectConfigurationPlatforms) = postSolution
		{29493667-29E8-4CC9-980E-AECB837AD0A8}.Debug|x64.ActiveCfg = Debug|Any CPU
		{29493667-29E8-4CC9-980E-AECB837AD0A8}.Debug|x64.Build.0 = Debug|Any CPU
		{29493667-29E8-4CC9-980E-AECB837AD0A8}.Release|x64.ActiveCfg = Debug|Any CPU
		{29493667-29E8-4CC9-980E-AECB837AD0A8}.Release|x64.Build.0 = Debug|Any CPU
		{7FA0B7EE-74FC-4421-B915-CEEFE73BCBF5}.Debug|x64.ActiveCfg = Debug|Any CPU
		{7FA0B7EE-74FC-4421-B915-CEEFE73BCBF5}.Debug|x64.Build.0 = Debug|Any CPU
		{7FA0B7EE-74FC-4421-B915-CEEFE73BCBF5}.Release|x64.ActiveCfg = Debug|Any CPU
		{7FA0B7EE-74FC-4421-B915-CEEFE73BCBF5}.Release|x64.Build.0 = Debug|Any CPU
		{0F6CD19F-F894-4734-AEFD-D282EE0B0FCA}.Debug|x64.ActiveCfg = Debug|Any CPU
		{0F6CD19F-F894-4734-AEFD-D282EE0B0FCA}.Debug|x64.Build.0 = Debug|Any CPU
		{0F6CD19F-F894-4734-AEFD-D282EE0B0FCA}.Release|x64.ActiveCfg = Debug|Any CPU
		{0F6CD19F-F894-4734-AEFD-D282EE0B0FCA}.Release|x64.Build.0 = Debug|Any CPU
		{9DC427A2-5E4F-46A3-84A2-E84AA4266A68}.Debug|x64.ActiveCfg = Debug|x64
		{9DC427A2-5E4F-46A3-84A2-E84AA4266A68}.Release|x64.ActiveCfg = Debug|x64
	EndGlobalSection
	GlobalSection(SolutionProperties) = preSolution
		HideSolutionNode = FALSE
	EndGlobalSection
	GlobalSection(ExtensibilityGlobals) = postSolution
		SolutionGuid = {16954F5D-ADE4-4514-8F16-9E99A8829AEB}
	EndGlobalSection
EndGlobal
